PODS:
  - SwiftWebSocket (2.6.0)
  - Upsurge (0.6.1)

DEPENDENCIES:
  - SwiftWebSocket
  - Upsurge

SPEC CHECKSUMS:
  SwiftWebSocket: c24c0dde0b33852f478ffb54226408bfe703b26b
  Upsurge: fa5eeb9f1a9e8a7895a79af94800cb3aa369c4ac

PODFILE CHECKSUM: 05171aa51340af98218238ba0eb928fe1bd21d8d

COCOAPODS: 1.0.1
