// !$*UTF8*$!
{
	archiveVersion = 1;
	classes = {
	};
	objectVersion = 46;
	objects = {

/* Begin PBXBuildFile section */
		60140969A5CC91BB3B442B81 /* Pods_OGLEngine.framework in Frameworks */ = {isa = PBXBuildFile; fileRef = 5A207DD5A794DC3A6F6E9B78 /* Pods_OGLEngine.framework */; };
		C20687EA1CF4AEEB008E8793 /* GPUTypes.swift in Sources */ = {isa = PBXBuildFile; fileRef = C20687E91CF4AEEB008E8793 /* GPUTypes.swift */; };
		C20EA33A1CA9B86B0076F979 /* GLKitCantMultiplyMatrices.swift in Sources */ = {isa = PBXBuildFile; fileRef = C20EA3391CA9B86B0076F979 /* GLKitCantMultiplyMatrices.swift */; };
		C21C51CF1D02FA2000F41A61 /* MediumShotPipelineProgram.swift in Sources */ = {isa = PBXBuildFile; fileRef = C21C51CE1D02FA2000F41A61 /* MediumShotPipelineProgram.swift */; };
		C21C51D11D02FA8000F41A61 /* CloseShotPipelineProgram.swift in Sources */ = {isa = PBXBuildFile; fileRef = C21C51D01D02FA8000F41A61 /* CloseShotPipelineProgram.swift */; };
		C2229DB91D12F81F007F5856 /* ReflectedPipelineProgram.swift in Sources */ = {isa = PBXBuildFile; fileRef = C2229DB81D12F81F007F5856 /* ReflectedPipelineProgram.swift */; };
		C2229DBB1D12FBD1007F5856 /* ReflectiveSurfacePipelineProgram.swift in Sources */ = {isa = PBXBuildFile; fileRef = C2229DBA1D12FBD1007F5856 /* ReflectiveSurfacePipelineProgram.swift */; };
		C22824BF1CCD93AC006EBCE3 /* 3dAssets in Resources */ = {isa = PBXBuildFile; fileRef = C22824BE1CCD93AC006EBCE3 /* 3dAssets */; };
		C22824C41CCD96C0006EBCE3 /* MediumShot.vsh in Resources */ = {isa = PBXBuildFile; fileRef = C22824C21CCD96C0006EBCE3 /* MediumShot.vsh */; };
		C22824C51CCD96C0006EBCE3 /* MediumShot.fsh in Resources */ = {isa = PBXBuildFile; fileRef = C22824C31CCD96C0006EBCE3 /* MediumShot.fsh */; };
		C228FF931D103DC9000D6414 /* SphericalLookAtCamera.swift in Sources */ = {isa = PBXBuildFile; fileRef = C228FF921D103DC9000D6414 /* SphericalLookAtCamera.swift */; };
		C228FF951D10455C000D6414 /* OscilatingGeometryModel.swift in Sources */ = {isa = PBXBuildFile; fileRef = C228FF941D10455C000D6414 /* OscilatingGeometryModel.swift */; };
		C22D14EE1CBC0AA20052155B /* VisibleReflectionContext.swift in Sources */ = {isa = PBXBuildFile; fileRef = C22D14ED1CBC0AA20052155B /* VisibleReflectionContext.swift */; };
		C23FC5561CFDE6E000DE4A40 /* OpenGLDefaultVariables.swift in Sources */ = {isa = PBXBuildFile; fileRef = C23FC5551CFDE6E000DE4A40 /* OpenGLDefaultVariables.swift */; };
		C23FC5581CFDE6FE00DE4A40 /* MediumShot.swift in Sources */ = {isa = PBXBuildFile; fileRef = C23FC5571CFDE6FE00DE4A40 /* MediumShot.swift */; };
		C23FC55B1CFDE73B00DE4A40 /* PhongReflection.swift in Sources */ = {isa = PBXBuildFile; fileRef = C23FC55A1CFDE73B00DE4A40 /* PhongReflection.swift */; };
		C25642841D0EDEDA0043EE6E /* TangentSpace.swift in Sources */ = {isa = PBXBuildFile; fileRef = C25642831D0EDEDA0043EE6E /* TangentSpace.swift */; };
		C2631C321CB9B4860016B968 /* GPUPassFunctions.swift in Sources */ = {isa = PBXBuildFile; fileRef = C2631C311CB9B4860016B968 /* GPUPassFunctions.swift */; };
		C263847D1D103928004BE6E1 /* RemoteLookAtCamera.swift in Sources */ = {isa = PBXBuildFile; fileRef = C263847C1D103928004BE6E1 /* RemoteLookAtCamera.swift */; };
		C267A7021D11F03C00ACBAD2 /* ReflectedCamera.swift in Sources */ = {isa = PBXBuildFile; fileRef = C267A7011D11F03C00ACBAD2 /* ReflectedCamera.swift */; };
		C269D58E1CA8981D00E56E67 /* AppDelegate.swift in Sources */ = {isa = PBXBuildFile; fileRef = C269D58D1CA8981D00E56E67 /* AppDelegate.swift */; };
		C269D5901CA8981D00E56E67 /* CloseShot.fsh in Resources */ = {isa = PBXBuildFile; fileRef = C269D58F1CA8981D00E56E67 /* CloseShot.fsh */; };
		C269D5921CA8981D00E56E67 /* CloseShot.vsh in Resources */ = {isa = PBXBuildFile; fileRef = C269D5911CA8981D00E56E67 /* CloseShot.vsh */; };
		C269D5941CA8981D00E56E67 /* GameViewController.swift in Sources */ = {isa = PBXBuildFile; fileRef = C269D5931CA8981D00E56E67 /* GameViewController.swift */; };
		C269D5971CA8981D00E56E67 /* Main.storyboard in Resources */ = {isa = PBXBuildFile; fileRef = C269D5951CA8981D00E56E67 /* Main.storyboard */; };
		C269D5991CA8981D00E56E67 /* Assets.xcassets in Resources */ = {isa = PBXBuildFile; fileRef = C269D5981CA8981D00E56E67 /* Assets.xcassets */; };
		C269D59C1CA8981D00E56E67 /* LaunchScreen.storyboard in Resources */ = {isa = PBXBuildFile; fileRef = C269D59A1CA8981D00E56E67 /* LaunchScreen.storyboard */; };
		C269D5A71CA8981D00E56E67 /* OGLEngineTests.swift in Sources */ = {isa = PBXBuildFile; fileRef = C269D5A61CA8981D00E56E67 /* OGLEngineTests.swift */; };
		C269D5CB1CA898DD00E56E67 /* BasicCamera.swift in Sources */ = {isa = PBXBuildFile; fileRef = C269D5B31CA898DD00E56E67 /* BasicCamera.swift */; };
		C269D5CC1CA898DD00E56E67 /* Camera.swift in Sources */ = {isa = PBXBuildFile; fileRef = C269D5B41CA898DD00E56E67 /* Camera.swift */; };
		C269D5CF1CA898DD00E56E67 /* DirectionalLight.swift in Sources */ = {isa = PBXBuildFile; fileRef = C269D5B71CA898DD00E56E67 /* DirectionalLight.swift */; };
		C269D5D01CA898DD00E56E67 /* GeometryModel.swift in Sources */ = {isa = PBXBuildFile; fileRef = C269D5B81CA898DD00E56E67 /* GeometryModel.swift */; };
		C269D5D21CA898DD00E56E67 /* OBJ.swift in Sources */ = {isa = PBXBuildFile; fileRef = C269D5BA1CA898DD00E56E67 /* OBJ.swift */; };
		C269D5D31CA898DD00E56E67 /* OBJLoader.swift in Sources */ = {isa = PBXBuildFile; fileRef = C269D5BB1CA898DD00E56E67 /* OBJLoader.swift */; };
		C269D5D71CA898DD00E56E67 /* RemoteControlledCamera.swift in Sources */ = {isa = PBXBuildFile; fileRef = C269D5BF1CA898DD00E56E67 /* RemoteControlledCamera.swift */; };
		C269D5D81CA898DD00E56E67 /* RemoteController.swift in Sources */ = {isa = PBXBuildFile; fileRef = C269D5C01CA898DD00E56E67 /* RemoteController.swift */; };
		C269D5D91CA898DD00E56E67 /* RemoteControllerModels.swift in Sources */ = {isa = PBXBuildFile; fileRef = C269D5C11CA898DD00E56E67 /* RemoteControllerModels.swift */; };
		C269D5DA1CA898DD00E56E67 /* Renderable.swift in Sources */ = {isa = PBXBuildFile; fileRef = C269D5C21CA898DD00E56E67 /* Renderable.swift */; };
		C269D5DC1CA898DD00E56E67 /* Scene.swift in Sources */ = {isa = PBXBuildFile; fileRef = C269D5C41CA898DD00E56E67 /* Scene.swift */; };
		C269D5DD1CA898DD00E56E67 /* SpinningGeometryModel.swift in Sources */ = {isa = PBXBuildFile; fileRef = C269D5C51CA898DD00E56E67 /* SpinningGeometryModel.swift */; };
		C269D5DE1CA898DD00E56E67 /* StaticGeometryModel.swift in Sources */ = {isa = PBXBuildFile; fileRef = C269D5C61CA898DD00E56E67 /* StaticGeometryModel.swift */; };
		C269D5E01CA898DD00E56E67 /* Texture.swift in Sources */ = {isa = PBXBuildFile; fileRef = C269D5C81CA898DD00E56E67 /* Texture.swift */; };
		C269D5E21CA898E900E56E67 /* VAO.swift in Sources */ = {isa = PBXBuildFile; fileRef = C269D5E11CA898E900E56E67 /* VAO.swift */; };
		C269D5F11CA89B6E00E56E67 /* IPAddress in Resources */ = {isa = PBXBuildFile; fileRef = C269D5F01CA89B6E00E56E67 /* IPAddress */; };
		C26A3F8C1CFEC8ED0080AE12 /* CloseShot.swift in Sources */ = {isa = PBXBuildFile; fileRef = C26A3F8B1CFEC8ED0080AE12 /* CloseShot.swift */; };
		C26CD52D1D0AC83D007105EB /* LookAtCamera.swift in Sources */ = {isa = PBXBuildFile; fileRef = C26CD52C1D0AC83D007105EB /* LookAtCamera.swift */; };
		C26CD52F1D0ACA5E007105EB /* 3DIntegrator.swift in Sources */ = {isa = PBXBuildFile; fileRef = C26CD52E1D0ACA5E007105EB /* 3DIntegrator.swift */; };
		C26EC56D1CE9E1E2005958C5 /* RenderedTexture.swift in Sources */ = {isa = PBXBuildFile; fileRef = C26EC56C1CE9E1E2005958C5 /* RenderedTexture.swift */; };
		C27E42C41D07192000FC9632 /* PhongV2.swift in Sources */ = {isa = PBXBuildFile; fileRef = C27E42C31D07192000FC9632 /* PhongV2.swift */; };
		C27E42C81D07199200FC9632 /* PhongV2PipelineProgram.swift in Sources */ = {isa = PBXBuildFile; fileRef = C27E42C71D07199200FC9632 /* PhongV2PipelineProgram.swift */; };
		C29755771CEA21E3001D8E6D /* Renderer.swift in Sources */ = {isa = PBXBuildFile; fileRef = C29755761CEA21E3001D8E6D /* Renderer.swift */; };
		C297557E1CEA256F001D8E6D /* ReflectiveSurface.vsh in Resources */ = {isa = PBXBuildFile; fileRef = C297557C1CEA256F001D8E6D /* ReflectiveSurface.vsh */; };
		C297557F1CEA256F001D8E6D /* ReflectiveSurface.fsh in Resources */ = {isa = PBXBuildFile; fileRef = C297557D1CEA256F001D8E6D /* ReflectiveSurface.fsh */; };
		C29DFAE71D06EB2E0003B7A2 /* PhongV1.swift in Sources */ = {isa = PBXBuildFile; fileRef = C29DFAE61D06EB2E0003B7A2 /* PhongV1.swift */; };
		C29DFAE91D06F8C00003B7A2 /* PhongV1PipelineProgram.swift in Sources */ = {isa = PBXBuildFile; fileRef = C29DFAE81D06F8C00003B7A2 /* PhongV1PipelineProgram.swift */; };
		C2AFAE621CFC4D0300C2F8D0 /* PipelineAttribute.swift in Sources */ = {isa = PBXBuildFile; fileRef = C2AFAE611CFC4D0300C2F8D0 /* PipelineAttribute.swift */; };
		C2AFAE641CFC4D6B00C2F8D0 /* PipelineVariablesCollection.swift in Sources */ = {isa = PBXBuildFile; fileRef = C2AFAE631CFC4D6B00C2F8D0 /* PipelineVariablesCollection.swift */; };
		C2AFAE661CFC4DFD00C2F8D0 /* PipelineUniform.swift in Sources */ = {isa = PBXBuildFile; fileRef = C2AFAE651CFC4DFD00C2F8D0 /* PipelineUniform.swift */; };
		C2AFAE681CFC86C300C2F8D0 /* PipelineProgramDefaultImplementations.swift in Sources */ = {isa = PBXBuildFile; fileRef = C2AFAE671CFC86C300C2F8D0 /* PipelineProgramDefaultImplementations.swift */; };
		C2B188F31CF1CC8B008BB626 /* PipelineModels.swift in Sources */ = {isa = PBXBuildFile; fileRef = C2B188F21CF1CC8B008BB626 /* PipelineModels.swift */; };
		C2B188F51CF1CCD6008BB626 /* PipelineOperators.swift in Sources */ = {isa = PBXBuildFile; fileRef = C2B188F41CF1CCD6008BB626 /* PipelineOperators.swift */; };
		C2B188F71CF1D3E3008BB626 /* PipelineDefaults.swift in Sources */ = {isa = PBXBuildFile; fileRef = C2B188F61CF1D3E3008BB626 /* PipelineDefaults.swift */; };
		C2B188FD1CF20844008BB626 /* GLSLParser.swift in Sources */ = {isa = PBXBuildFile; fileRef = C2B188FC1CF20844008BB626 /* GLSLParser.swift */; };
		C2B188FF1CF2799E008BB626 /* PipelineProgram.swift in Sources */ = {isa = PBXBuildFile; fileRef = C2B188FE1CF2799E008BB626 /* PipelineProgram.swift */; };
		C2BD601D1CEB5E2400B51ECD /* RemoteProperties.swift in Sources */ = {isa = PBXBuildFile; fileRef = C2BD601C1CEB5E2400B51ECD /* RemoteProperties.swift */; };
		C2C0F4951D12D3A400CAD214 /* Reflected.swift in Sources */ = {isa = PBXBuildFile; fileRef = C2C0F4941D12D3A400CAD214 /* Reflected.swift */; };
		C2CD6A7F1CEC7B0D001F3A7E /* Reflected.vsh in Resources */ = {isa = PBXBuildFile; fileRef = C2CD6A7D1CEC7B0D001F3A7E /* Reflected.vsh */; };
		C2CD6A801CEC7B0D001F3A7E /* Reflected.fsh in Resources */ = {isa = PBXBuildFile; fileRef = C2CD6A7E1CEC7B0D001F3A7E /* Reflected.fsh */; };
		C2CD6A831CEC877F001F3A7E /* Reflection.swift in Sources */ = {isa = PBXBuildFile; fileRef = C2CD6A821CEC877F001F3A7E /* Reflection.swift */; };
		C2E158181CFD9B2D00BB3805 /* PipelineVariable.swift in Sources */ = {isa = PBXBuildFile; fileRef = C2E158171CFD9B2D00BB3805 /* PipelineVariable.swift */; };
		C2E1581A1CFD9B8F00BB3805 /* PipelineInstruction.swift in Sources */ = {isa = PBXBuildFile; fileRef = C2E158191CFD9B8F00BB3805 /* PipelineInstruction.swift */; };
		C2E1581C1CFD9BE800BB3805 /* PipelineShader.swift in Sources */ = {isa = PBXBuildFile; fileRef = C2E1581B1CFD9BE800BB3805 /* PipelineShader.swift */; };
		C2E1581E1CFD9C1800BB3805 /* PipelineFunction.swift in Sources */ = {isa = PBXBuildFile; fileRef = C2E1581D1CFD9C1800BB3805 /* PipelineFunction.swift */; };
		C2E158201CFD9C4A00BB3805 /* PipelineVarying.swift in Sources */ = {isa = PBXBuildFile; fileRef = C2E1581F1CFD9C4A00BB3805 /* PipelineVarying.swift */; };
		C2E158221CFD9D0200BB3805 /* PipelineScope.swift in Sources */ = {isa = PBXBuildFile; fileRef = C2E158211CFD9D0200BB3805 /* PipelineScope.swift */; };
		C2E158241CFD9D2400BB3805 /* PipelineInterpolation.swift in Sources */ = {isa = PBXBuildFile; fileRef = C2E158231CFD9D2400BB3805 /* PipelineInterpolation.swift */; };
		C2E17FE51D0F1DB500CB2D2D /* AxesGeometryModel.swift in Sources */ = {isa = PBXBuildFile; fileRef = C2E17FE41D0F1DB500CB2D2D /* AxesGeometryModel.swift */; };
		C2E17FE71D0F325500CB2D2D /* ReflectiveSurface.swift in Sources */ = {isa = PBXBuildFile; fileRef = C2E17FE61D0F325500CB2D2D /* ReflectiveSurface.swift */; };
		C2EA4B861CC83D030036B12D /* SceneLoader.swift in Sources */ = {isa = PBXBuildFile; fileRef = C2EA4B851CC83D030036B12D /* SceneLoader.swift */; };
/* End PBXBuildFile section */

/* Begin PBXContainerItemProxy section */
		C269D5A31CA8981D00E56E67 /* PBXContainerItemProxy */ = {
			isa = PBXContainerItemProxy;
			containerPortal = C269D5821CA8981D00E56E67 /* Project object */;
			proxyType = 1;
			remoteGlobalIDString = C269D5891CA8981D00E56E67;
			remoteInfo = OGLEngine;
		};
/* End PBXContainerItemProxy section */

/* Begin PBXFileReference section */
		5A207DD5A794DC3A6F6E9B78 /* Pods_OGLEngine.framework */ = {isa = PBXFileReference; explicitFileType = wrapper.framework; includeInIndex = 0; path = Pods_OGLEngine.framework; sourceTree = BUILT_PRODUCTS_DIR; };
		7F43FA214889814B7067DBE2 /* Pods-OGLEngine.release.xcconfig */ = {isa = PBXFileReference; includeInIndex = 1; lastKnownFileType = text.xcconfig; name = "Pods-OGLEngine.release.xcconfig"; path = "Pods/Target Support Files/Pods-OGLEngine/Pods-OGLEngine.release.xcconfig"; sourceTree = "<group>"; };
		9205D7DBFBB1CE1C1FCD90A2 /* Pods-OGLEngine.debug.xcconfig */ = {isa = PBXFileReference; includeInIndex = 1; lastKnownFileType = text.xcconfig; name = "Pods-OGLEngine.debug.xcconfig"; path = "Pods/Target Support Files/Pods-OGLEngine/Pods-OGLEngine.debug.xcconfig"; sourceTree = "<group>"; };
		C20687E91CF4AEEB008E8793 /* GPUTypes.swift */ = {isa = PBXFileReference; fileEncoding = 4; lastKnownFileType = sourcecode.swift; path = GPUTypes.swift; sourceTree = "<group>"; };
		C20EA3391CA9B86B0076F979 /* GLKitCantMultiplyMatrices.swift */ = {isa = PBXFileReference; fileEncoding = 4; lastKnownFileType = sourcecode.swift; path = GLKitCantMultiplyMatrices.swift; sourceTree = "<group>"; };
		C21C51CE1D02FA2000F41A61 /* MediumShotPipelineProgram.swift */ = {isa = PBXFileReference; fileEncoding = 4; lastKnownFileType = sourcecode.swift; path = MediumShotPipelineProgram.swift; sourceTree = "<group>"; };
		C21C51D01D02FA8000F41A61 /* CloseShotPipelineProgram.swift */ = {isa = PBXFileReference; fileEncoding = 4; lastKnownFileType = sourcecode.swift; path = CloseShotPipelineProgram.swift; sourceTree = "<group>"; };
		C2229DB81D12F81F007F5856 /* ReflectedPipelineProgram.swift */ = {isa = PBXFileReference; fileEncoding = 4; lastKnownFileType = sourcecode.swift; path = ReflectedPipelineProgram.swift; sourceTree = "<group>"; };
		C2229DBA1D12FBD1007F5856 /* ReflectiveSurfacePipelineProgram.swift */ = {isa = PBXFileReference; fileEncoding = 4; lastKnownFileType = sourcecode.swift; path = ReflectiveSurfacePipelineProgram.swift; sourceTree = "<group>"; };
		C22824BE1CCD93AC006EBCE3 /* 3dAssets */ = {isa = PBXFileReference; lastKnownFileType = folder; path = 3dAssets; sourceTree = "<group>"; };
		C22824C21CCD96C0006EBCE3 /* MediumShot.vsh */ = {isa = PBXFileReference; fileEncoding = 4; lastKnownFileType = sourcecode.glsl; name = MediumShot.vsh; path = Shaders/MediumShot.vsh; sourceTree = "<group>"; };
		C22824C31CCD96C0006EBCE3 /* MediumShot.fsh */ = {isa = PBXFileReference; fileEncoding = 4; lastKnownFileType = sourcecode.glsl; name = MediumShot.fsh; path = Shaders/MediumShot.fsh; sourceTree = "<group>"; };
		C228FF921D103DC9000D6414 /* SphericalLookAtCamera.swift */ = {isa = PBXFileReference; fileEncoding = 4; lastKnownFileType = sourcecode.swift; path = SphericalLookAtCamera.swift; sourceTree = "<group>"; };
		C228FF941D10455C000D6414 /* OscilatingGeometryModel.swift */ = {isa = PBXFileReference; fileEncoding = 4; lastKnownFileType = sourcecode.swift; path = OscilatingGeometryModel.swift; sourceTree = "<group>"; };
		C22D14ED1CBC0AA20052155B /* VisibleReflectionContext.swift */ = {isa = PBXFileReference; fileEncoding = 4; lastKnownFileType = sourcecode.swift; path = VisibleReflectionContext.swift; sourceTree = "<group>"; };
		C23FC5551CFDE6E000DE4A40 /* OpenGLDefaultVariables.swift */ = {isa = PBXFileReference; fileEncoding = 4; lastKnownFileType = sourcecode.swift; path = OpenGLDefaultVariables.swift; sourceTree = "<group>"; };
		C23FC5571CFDE6FE00DE4A40 /* MediumShot.swift */ = {isa = PBXFileReference; fileEncoding = 4; lastKnownFileType = sourcecode.swift; path = MediumShot.swift; sourceTree = "<group>"; };
		C23FC55A1CFDE73B00DE4A40 /* PhongReflection.swift */ = {isa = PBXFileReference; fileEncoding = 4; lastKnownFileType = sourcecode.swift; path = PhongReflection.swift; sourceTree = "<group>"; };
		C25642831D0EDEDA0043EE6E /* TangentSpace.swift */ = {isa = PBXFileReference; fileEncoding = 4; lastKnownFileType = sourcecode.swift; path = TangentSpace.swift; sourceTree = "<group>"; };
		C2631C311CB9B4860016B968 /* GPUPassFunctions.swift */ = {isa = PBXFileReference; fileEncoding = 4; lastKnownFileType = sourcecode.swift; path = GPUPassFunctions.swift; sourceTree = "<group>"; };
		C263847C1D103928004BE6E1 /* RemoteLookAtCamera.swift */ = {isa = PBXFileReference; fileEncoding = 4; lastKnownFileType = sourcecode.swift; path = RemoteLookAtCamera.swift; sourceTree = "<group>"; };
		C267A7011D11F03C00ACBAD2 /* ReflectedCamera.swift */ = {isa = PBXFileReference; fileEncoding = 4; lastKnownFileType = sourcecode.swift; path = ReflectedCamera.swift; sourceTree = "<group>"; };
		C269D58A1CA8981D00E56E67 /* OGLEngine.app */ = {isa = PBXFileReference; explicitFileType = wrapper.application; includeInIndex = 0; path = OGLEngine.app; sourceTree = BUILT_PRODUCTS_DIR; };
		C269D58D1CA8981D00E56E67 /* AppDelegate.swift */ = {isa = PBXFileReference; lastKnownFileType = sourcecode.swift; path = AppDelegate.swift; sourceTree = "<group>"; };
		C269D58F1CA8981D00E56E67 /* CloseShot.fsh */ = {isa = PBXFileReference; lastKnownFileType = sourcecode.glsl; name = CloseShot.fsh; path = Shaders/CloseShot.fsh; sourceTree = "<group>"; };
		C269D5911CA8981D00E56E67 /* CloseShot.vsh */ = {isa = PBXFileReference; lastKnownFileType = sourcecode.glsl; name = CloseShot.vsh; path = Shaders/CloseShot.vsh; sourceTree = "<group>"; };
		C269D5931CA8981D00E56E67 /* GameViewController.swift */ = {isa = PBXFileReference; lastKnownFileType = sourcecode.swift; path = GameViewController.swift; sourceTree = "<group>"; };
		C269D5961CA8981D00E56E67 /* Base */ = {isa = PBXFileReference; lastKnownFileType = file.storyboard; name = Base; path = Base.lproj/Main.storyboard; sourceTree = "<group>"; };
		C269D5981CA8981D00E56E67 /* Assets.xcassets */ = {isa = PBXFileReference; lastKnownFileType = folder.assetcatalog; path = Assets.xcassets; sourceTree = "<group>"; };
		C269D59B1CA8981D00E56E67 /* Base */ = {isa = PBXFileReference; lastKnownFileType = file.storyboard; name = Base; path = Base.lproj/LaunchScreen.storyboard; sourceTree = "<group>"; };
		C269D59D1CA8981D00E56E67 /* Info.plist */ = {isa = PBXFileReference; lastKnownFileType = text.plist.xml; path = Info.plist; sourceTree = "<group>"; };
		C269D5A21CA8981D00E56E67 /* OGLEngineTests.xctest */ = {isa = PBXFileReference; explicitFileType = wrapper.cfbundle; includeInIndex = 0; path = OGLEngineTests.xctest; sourceTree = BUILT_PRODUCTS_DIR; };
		C269D5A61CA8981D00E56E67 /* OGLEngineTests.swift */ = {isa = PBXFileReference; lastKnownFileType = sourcecode.swift; path = OGLEngineTests.swift; sourceTree = "<group>"; };
		C269D5A81CA8981D00E56E67 /* Info.plist */ = {isa = PBXFileReference; lastKnownFileType = text.plist.xml; path = Info.plist; sourceTree = "<group>"; };
		C269D5B31CA898DD00E56E67 /* BasicCamera.swift */ = {isa = PBXFileReference; fileEncoding = 4; lastKnownFileType = sourcecode.swift; path = BasicCamera.swift; sourceTree = "<group>"; };
		C269D5B41CA898DD00E56E67 /* Camera.swift */ = {isa = PBXFileReference; fileEncoding = 4; lastKnownFileType = sourcecode.swift; path = Camera.swift; sourceTree = "<group>"; };
		C269D5B71CA898DD00E56E67 /* DirectionalLight.swift */ = {isa = PBXFileReference; fileEncoding = 4; lastKnownFileType = sourcecode.swift; path = DirectionalLight.swift; sourceTree = "<group>"; };
		C269D5B81CA898DD00E56E67 /* GeometryModel.swift */ = {isa = PBXFileReference; fileEncoding = 4; lastKnownFileType = sourcecode.swift; path = GeometryModel.swift; sourceTree = "<group>"; };
		C269D5BA1CA898DD00E56E67 /* OBJ.swift */ = {isa = PBXFileReference; fileEncoding = 4; lastKnownFileType = sourcecode.swift; path = OBJ.swift; sourceTree = "<group>"; };
		C269D5BB1CA898DD00E56E67 /* OBJLoader.swift */ = {isa = PBXFileReference; fileEncoding = 4; lastKnownFileType = sourcecode.swift; path = OBJLoader.swift; sourceTree = "<group>"; };
		C269D5BF1CA898DD00E56E67 /* RemoteControlledCamera.swift */ = {isa = PBXFileReference; fileEncoding = 4; lastKnownFileType = sourcecode.swift; path = RemoteControlledCamera.swift; sourceTree = "<group>"; };
		C269D5C01CA898DD00E56E67 /* RemoteController.swift */ = {isa = PBXFileReference; fileEncoding = 4; lastKnownFileType = sourcecode.swift; path = RemoteController.swift; sourceTree = "<group>"; };
		C269D5C11CA898DD00E56E67 /* RemoteControllerModels.swift */ = {isa = PBXFileReference; fileEncoding = 4; lastKnownFileType = sourcecode.swift; path = RemoteControllerModels.swift; sourceTree = "<group>"; };
		C269D5C21CA898DD00E56E67 /* Renderable.swift */ = {isa = PBXFileReference; fileEncoding = 4; lastKnownFileType = sourcecode.swift; path = Renderable.swift; sourceTree = "<group>"; };
		C269D5C41CA898DD00E56E67 /* Scene.swift */ = {isa = PBXFileReference; fileEncoding = 4; lastKnownFileType = sourcecode.swift; path = Scene.swift; sourceTree = "<group>"; };
		C269D5C51CA898DD00E56E67 /* SpinningGeometryModel.swift */ = {isa = PBXFileReference; fileEncoding = 4; lastKnownFileType = sourcecode.swift; path = SpinningGeometryModel.swift; sourceTree = "<group>"; };
		C269D5C61CA898DD00E56E67 /* StaticGeometryModel.swift */ = {isa = PBXFileReference; fileEncoding = 4; lastKnownFileType = sourcecode.swift; path = StaticGeometryModel.swift; sourceTree = "<group>"; };
		C269D5C81CA898DD00E56E67 /* Texture.swift */ = {isa = PBXFileReference; fileEncoding = 4; lastKnownFileType = sourcecode.swift; path = Texture.swift; sourceTree = "<group>"; };
		C269D5E11CA898E900E56E67 /* VAO.swift */ = {isa = PBXFileReference; fileEncoding = 4; lastKnownFileType = sourcecode.swift; path = VAO.swift; sourceTree = "<group>"; };
		C269D5F01CA89B6E00E56E67 /* IPAddress */ = {isa = PBXFileReference; fileEncoding = 4; lastKnownFileType = text; name = IPAddress; path = OtherSources/IPAddress; sourceTree = "<group>"; };
		C26A3F8B1CFEC8ED0080AE12 /* CloseShot.swift */ = {isa = PBXFileReference; fileEncoding = 4; lastKnownFileType = sourcecode.swift; path = CloseShot.swift; sourceTree = "<group>"; };
		C26CD52C1D0AC83D007105EB /* LookAtCamera.swift */ = {isa = PBXFileReference; fileEncoding = 4; lastKnownFileType = sourcecode.swift; path = LookAtCamera.swift; sourceTree = "<group>"; };
		C26CD52E1D0ACA5E007105EB /* 3DIntegrator.swift */ = {isa = PBXFileReference; fileEncoding = 4; lastKnownFileType = sourcecode.swift; path = 3DIntegrator.swift; sourceTree = "<group>"; };
		C26EC56C1CE9E1E2005958C5 /* RenderedTexture.swift */ = {isa = PBXFileReference; fileEncoding = 4; lastKnownFileType = sourcecode.swift; path = RenderedTexture.swift; sourceTree = "<group>"; };
		C27E42C31D07192000FC9632 /* PhongV2.swift */ = {isa = PBXFileReference; fileEncoding = 4; lastKnownFileType = sourcecode.swift; path = PhongV2.swift; sourceTree = "<group>"; };
		C27E42C71D07199200FC9632 /* PhongV2PipelineProgram.swift */ = {isa = PBXFileReference; fileEncoding = 4; lastKnownFileType = sourcecode.swift; path = PhongV2PipelineProgram.swift; sourceTree = "<group>"; };
		C29755761CEA21E3001D8E6D /* Renderer.swift */ = {isa = PBXFileReference; fileEncoding = 4; lastKnownFileType = sourcecode.swift; path = Renderer.swift; sourceTree = "<group>"; };
		C297557C1CEA256F001D8E6D /* ReflectiveSurface.vsh */ = {isa = PBXFileReference; fileEncoding = 4; lastKnownFileType = sourcecode.glsl; name = ReflectiveSurface.vsh; path = Shaders/ReflectiveSurface.vsh; sourceTree = "<group>"; };
		C297557D1CEA256F001D8E6D /* ReflectiveSurface.fsh */ = {isa = PBXFileReference; fileEncoding = 4; lastKnownFileType = sourcecode.glsl; name = ReflectiveSurface.fsh; path = Shaders/ReflectiveSurface.fsh; sourceTree = "<group>"; };
		C29DFAE61D06EB2E0003B7A2 /* PhongV1.swift */ = {isa = PBXFileReference; fileEncoding = 4; lastKnownFileType = sourcecode.swift; path = PhongV1.swift; sourceTree = "<group>"; };
		C29DFAE81D06F8C00003B7A2 /* PhongV1PipelineProgram.swift */ = {isa = PBXFileReference; fileEncoding = 4; lastKnownFileType = sourcecode.swift; path = PhongV1PipelineProgram.swift; sourceTree = "<group>"; };
		C2AFAE611CFC4D0300C2F8D0 /* PipelineAttribute.swift */ = {isa = PBXFileReference; fileEncoding = 4; lastKnownFileType = sourcecode.swift; path = PipelineAttribute.swift; sourceTree = "<group>"; };
		C2AFAE631CFC4D6B00C2F8D0 /* PipelineVariablesCollection.swift */ = {isa = PBXFileReference; fileEncoding = 4; lastKnownFileType = sourcecode.swift; path = PipelineVariablesCollection.swift; sourceTree = "<group>"; };
		C2AFAE651CFC4DFD00C2F8D0 /* PipelineUniform.swift */ = {isa = PBXFileReference; fileEncoding = 4; lastKnownFileType = sourcecode.swift; path = PipelineUniform.swift; sourceTree = "<group>"; };
		C2AFAE671CFC86C300C2F8D0 /* PipelineProgramDefaultImplementations.swift */ = {isa = PBXFileReference; fileEncoding = 4; lastKnownFileType = sourcecode.swift; path = PipelineProgramDefaultImplementations.swift; sourceTree = "<group>"; };
		C2B188F21CF1CC8B008BB626 /* PipelineModels.swift */ = {isa = PBXFileReference; fileEncoding = 4; lastKnownFileType = sourcecode.swift; path = PipelineModels.swift; sourceTree = "<group>"; };
		C2B188F41CF1CCD6008BB626 /* PipelineOperators.swift */ = {isa = PBXFileReference; fileEncoding = 4; lastKnownFileType = sourcecode.swift; path = PipelineOperators.swift; sourceTree = "<group>"; };
		C2B188F61CF1D3E3008BB626 /* PipelineDefaults.swift */ = {isa = PBXFileReference; fileEncoding = 4; lastKnownFileType = sourcecode.swift; path = PipelineDefaults.swift; sourceTree = "<group>"; };
		C2B188FC1CF20844008BB626 /* GLSLParser.swift */ = {isa = PBXFileReference; fileEncoding = 4; lastKnownFileType = sourcecode.swift; path = GLSLParser.swift; sourceTree = "<group>"; };
		C2B188FE1CF2799E008BB626 /* PipelineProgram.swift */ = {isa = PBXFileReference; fileEncoding = 4; lastKnownFileType = sourcecode.swift; path = PipelineProgram.swift; sourceTree = "<group>"; };
		C2BD601C1CEB5E2400B51ECD /* RemoteProperties.swift */ = {isa = PBXFileReference; fileEncoding = 4; lastKnownFileType = sourcecode.swift; path = RemoteProperties.swift; sourceTree = "<group>"; };
		C2C0F4941D12D3A400CAD214 /* Reflected.swift */ = {isa = PBXFileReference; fileEncoding = 4; lastKnownFileType = sourcecode.swift; path = Reflected.swift; sourceTree = "<group>"; };
		C2CD6A7D1CEC7B0D001F3A7E /* Reflected.vsh */ = {isa = PBXFileReference; fileEncoding = 4; lastKnownFileType = sourcecode.glsl; name = Reflected.vsh; path = Shaders/Reflected.vsh; sourceTree = "<group>"; };
		C2CD6A7E1CEC7B0D001F3A7E /* Reflected.fsh */ = {isa = PBXFileReference; fileEncoding = 4; lastKnownFileType = sourcecode.glsl; name = Reflected.fsh; path = Shaders/Reflected.fsh; sourceTree = "<group>"; };
		C2CD6A821CEC877F001F3A7E /* Reflection.swift */ = {isa = PBXFileReference; fileEncoding = 4; lastKnownFileType = sourcecode.swift; path = Reflection.swift; sourceTree = "<group>"; };
		C2E158171CFD9B2D00BB3805 /* PipelineVariable.swift */ = {isa = PBXFileReference; fileEncoding = 4; lastKnownFileType = sourcecode.swift; path = PipelineVariable.swift; sourceTree = "<group>"; };
		C2E158191CFD9B8F00BB3805 /* PipelineInstruction.swift */ = {isa = PBXFileReference; fileEncoding = 4; lastKnownFileType = sourcecode.swift; path = PipelineInstruction.swift; sourceTree = "<group>"; };
		C2E1581B1CFD9BE800BB3805 /* PipelineShader.swift */ = {isa = PBXFileReference; fileEncoding = 4; lastKnownFileType = sourcecode.swift; path = PipelineShader.swift; sourceTree = "<group>"; };
		C2E1581D1CFD9C1800BB3805 /* PipelineFunction.swift */ = {isa = PBXFileReference; fileEncoding = 4; lastKnownFileType = sourcecode.swift; path = PipelineFunction.swift; sourceTree = "<group>"; };
		C2E1581F1CFD9C4A00BB3805 /* PipelineVarying.swift */ = {isa = PBXFileReference; fileEncoding = 4; lastKnownFileType = sourcecode.swift; path = PipelineVarying.swift; sourceTree = "<group>"; };
		C2E158211CFD9D0200BB3805 /* PipelineScope.swift */ = {isa = PBXFileReference; fileEncoding = 4; lastKnownFileType = sourcecode.swift; path = PipelineScope.swift; sourceTree = "<group>"; };
		C2E158231CFD9D2400BB3805 /* PipelineInterpolation.swift */ = {isa = PBXFileReference; fileEncoding = 4; lastKnownFileType = sourcecode.swift; path = PipelineInterpolation.swift; sourceTree = "<group>"; };
		C2E17FE41D0F1DB500CB2D2D /* AxesGeometryModel.swift */ = {isa = PBXFileReference; fileEncoding = 4; lastKnownFileType = sourcecode.swift; path = AxesGeometryModel.swift; sourceTree = "<group>"; };
		C2E17FE61D0F325500CB2D2D /* ReflectiveSurface.swift */ = {isa = PBXFileReference; fileEncoding = 4; lastKnownFileType = sourcecode.swift; path = ReflectiveSurface.swift; sourceTree = "<group>"; };
		C2EA4B851CC83D030036B12D /* SceneLoader.swift */ = {isa = PBXFileReference; fileEncoding = 4; lastKnownFileType = sourcecode.swift; path = SceneLoader.swift; sourceTree = "<group>"; };
/* End PBXFileReference section */

/* Begin PBXFrameworksBuildPhase section */
		C269D5871CA8981D00E56E67 /* Frameworks */ = {
			isa = PBXFrameworksBuildPhase;
			buildActionMask = 2147483647;
			files = (
				60140969A5CC91BB3B442B81 /* Pods_OGLEngine.framework in Frameworks */,
			);
			runOnlyForDeploymentPostprocessing = 0;
		};
		C269D59F1CA8981D00E56E67 /* Frameworks */ = {
			isa = PBXFrameworksBuildPhase;
			buildActionMask = 2147483647;
			files = (
			);
			runOnlyForDeploymentPostprocessing = 0;
		};
/* End PBXFrameworksBuildPhase section */

/* Begin PBXGroup section */
		349D389284EFAA46C483683A /* Pods */ = {
			isa = PBXGroup;
			children = (
				9205D7DBFBB1CE1C1FCD90A2 /* Pods-OGLEngine.debug.xcconfig */,
				7F43FA214889814B7067DBE2 /* Pods-OGLEngine.release.xcconfig */,
			);
			name = Pods;
			sourceTree = "<group>";
		};
		C1A74D0DC0FF9B8F2320B5AC /* Frameworks */ = {
			isa = PBXGroup;
			children = (
				5A207DD5A794DC3A6F6E9B78 /* Pods_OGLEngine.framework */,
			);
			name = Frameworks;
			sourceTree = "<group>";
		};
		C20EA3381CA9B83D0076F979 /* GLKit cant multuiply matrix */ = {
			isa = PBXGroup;
			children = (
				C20EA3391CA9B86B0076F979 /* GLKitCantMultiplyMatrices.swift */,
			);
			name = "GLKit cant multuiply matrix";
			sourceTree = "<group>";
		};
		C20EA33B1CA9BC0C0076F979 /* GPUDomain */ = {
			isa = PBXGroup;
			children = (
				C29219971CA9E17000B78343 /* Program */,
				C2631C311CB9B4860016B968 /* GPUPassFunctions.swift */,
				C20687E91CF4AEEB008E8793 /* GPUTypes.swift */,
			);
			name = GPUDomain;
			sourceTree = "<group>";
		};
		C21C51CD1D02FA0F00F41A61 /* Concrete */ = {
			isa = PBXGroup;
			children = (
				C21C51CE1D02FA2000F41A61 /* MediumShotPipelineProgram.swift */,
				C21C51D01D02FA8000F41A61 /* CloseShotPipelineProgram.swift */,
				C29DFAE81D06F8C00003B7A2 /* PhongV1PipelineProgram.swift */,
				C27E42C71D07199200FC9632 /* PhongV2PipelineProgram.swift */,
				C2229DB81D12F81F007F5856 /* ReflectedPipelineProgram.swift */,
				C2229DBA1D12FBD1007F5856 /* ReflectiveSurfacePipelineProgram.swift */,
			);
			name = Concrete;
			sourceTree = "<group>";
		};
		C23FC5541CFDE6A100DE4A40 /* Defaults */ = {
			isa = PBXGroup;
			children = (
				C23FC55D1CFDE88C00DE4A40 /* Functionalities */,
				C23FC55C1CFDE87C00DE4A40 /* Shaders */,
				C2B188F61CF1D3E3008BB626 /* PipelineDefaults.swift */,
				C23FC5551CFDE6E000DE4A40 /* OpenGLDefaultVariables.swift */,
			);
			name = Defaults;
			sourceTree = "<group>";
		};
		C23FC55C1CFDE87C00DE4A40 /* Shaders */ = {
			isa = PBXGroup;
			children = (
				C23FC5571CFDE6FE00DE4A40 /* MediumShot.swift */,
				C26A3F8B1CFEC8ED0080AE12 /* CloseShot.swift */,
				C29DFAE61D06EB2E0003B7A2 /* PhongV1.swift */,
				C27E42C31D07192000FC9632 /* PhongV2.swift */,
				C2E17FE61D0F325500CB2D2D /* ReflectiveSurface.swift */,
				C2C0F4941D12D3A400CAD214 /* Reflected.swift */,
			);
			name = Shaders;
			sourceTree = "<group>";
		};
		C23FC55D1CFDE88C00DE4A40 /* Functionalities */ = {
			isa = PBXGroup;
			children = (
				C23FC55A1CFDE73B00DE4A40 /* PhongReflection.swift */,
				C25642831D0EDEDA0043EE6E /* TangentSpace.swift */,
			);
			name = Functionalities;
			sourceTree = "<group>";
		};
		C269D5811CA8981D00E56E67 = {
			isa = PBXGroup;
			children = (
				C269D58C1CA8981D00E56E67 /* OGLEngine */,
				C269D5A51CA8981D00E56E67 /* OGLEngineTests */,
				C269D58B1CA8981D00E56E67 /* Products */,
				349D389284EFAA46C483683A /* Pods */,
				C1A74D0DC0FF9B8F2320B5AC /* Frameworks */,
			);
			sourceTree = "<group>";
		};
		C269D58B1CA8981D00E56E67 /* Products */ = {
			isa = PBXGroup;
			children = (
				C269D58A1CA8981D00E56E67 /* OGLEngine.app */,
				C269D5A21CA8981D00E56E67 /* OGLEngineTests.xctest */,
			);
			name = Products;
			sourceTree = "<group>";
		};
		C269D58C1CA8981D00E56E67 /* OGLEngine */ = {
			isa = PBXGroup;
			children = (
				C269D5E41CA89A4900E56E67 /* Rendering */,
				C269D5E31CA89A3B00E56E67 /* Controllers */,
				C269D5EC1CA89B1300E56E67 /* Resources */,
				C269D5F21CA89B8F00E56E67 /* Utilities */,
				C269D5F61CA89BF900E56E67 /* Application */,
			);
			path = OGLEngine;
			sourceTree = "<group>";
		};
		C269D5A51CA8981D00E56E67 /* OGLEngineTests */ = {
			isa = PBXGroup;
			children = (
				C269D5A61CA8981D00E56E67 /* OGLEngineTests.swift */,
				C269D5A81CA8981D00E56E67 /* Info.plist */,
			);
			path = OGLEngineTests;
			sourceTree = "<group>";
		};
		C269D5E31CA89A3B00E56E67 /* Controllers */ = {
			isa = PBXGroup;
			children = (
				C269D5931CA8981D00E56E67 /* GameViewController.swift */,
			);
			name = Controllers;
			sourceTree = "<group>";
		};
		C269D5E41CA89A4900E56E67 /* Rendering */ = {
			isa = PBXGroup;
			children = (
				C2BC701D1CF067F70037A143 /* Pipeline */,
				C269D5E51CA89A5400E56E67 /* Core */,
				C269D5EA1CA89ADE00E56E67 /* OBJ */,
				C269D5E61CA89A7900E56E67 /* Renderable */,
				C269D5E71CA89A8D00E56E67 /* Light */,
				C2CD6A811CEC8770001F3A7E /* Reflection */,
				C269D5E81CA89A9A00E56E67 /* Camera */,
				C269D5E91CA89AAE00E56E67 /* GeometryModel */,
				C269D5EB1CA89AF500E56E67 /* Texture */,
			);
			name = Rendering;
			sourceTree = "<group>";
		};
		C269D5E51CA89A5400E56E67 /* Core */ = {
			isa = PBXGroup;
			children = (
				C2EFF1321CC0439E00EF1486 /* Scene */,
				C20EA33B1CA9BC0C0076F979 /* GPUDomain */,
				C269D5E11CA898E900E56E67 /* VAO.swift */,
				C29755761CEA21E3001D8E6D /* Renderer.swift */,
			);
			name = Core;
			sourceTree = "<group>";
		};
		C269D5E61CA89A7900E56E67 /* Renderable */ = {
			isa = PBXGroup;
			children = (
				C269D5C21CA898DD00E56E67 /* Renderable.swift */,
			);
			name = Renderable;
			sourceTree = "<group>";
		};
		C269D5E71CA89A8D00E56E67 /* Light */ = {
			isa = PBXGroup;
			children = (
				C269D5B71CA898DD00E56E67 /* DirectionalLight.swift */,
				C22D14ED1CBC0AA20052155B /* VisibleReflectionContext.swift */,
			);
			name = Light;
			sourceTree = "<group>";
		};
		C269D5E81CA89A9A00E56E67 /* Camera */ = {
			isa = PBXGroup;
			children = (
				C269D5B41CA898DD00E56E67 /* Camera.swift */,
				C269D5B31CA898DD00E56E67 /* BasicCamera.swift */,
				C269D5BF1CA898DD00E56E67 /* RemoteControlledCamera.swift */,
				C26CD52C1D0AC83D007105EB /* LookAtCamera.swift */,
				C26CD52E1D0ACA5E007105EB /* 3DIntegrator.swift */,
				C263847C1D103928004BE6E1 /* RemoteLookAtCamera.swift */,
				C228FF921D103DC9000D6414 /* SphericalLookAtCamera.swift */,
				C267A7011D11F03C00ACBAD2 /* ReflectedCamera.swift */,
			);
			name = Camera;
			sourceTree = "<group>";
		};
		C269D5E91CA89AAE00E56E67 /* GeometryModel */ = {
			isa = PBXGroup;
			children = (
				C269D5B81CA898DD00E56E67 /* GeometryModel.swift */,
				C269D5C61CA898DD00E56E67 /* StaticGeometryModel.swift */,
				C269D5C51CA898DD00E56E67 /* SpinningGeometryModel.swift */,
				C2E17FE41D0F1DB500CB2D2D /* AxesGeometryModel.swift */,
				C228FF941D10455C000D6414 /* OscilatingGeometryModel.swift */,
			);
			name = GeometryModel;
			sourceTree = "<group>";
		};
		C269D5EA1CA89ADE00E56E67 /* OBJ */ = {
			isa = PBXGroup;
			children = (
				C269D5BA1CA898DD00E56E67 /* OBJ.swift */,
				C269D5BB1CA898DD00E56E67 /* OBJLoader.swift */,
			);
			name = OBJ;
			sourceTree = "<group>";
		};
		C269D5EB1CA89AF500E56E67 /* Texture */ = {
			isa = PBXGroup;
			children = (
				C26EC56B1CE9E1BA005958C5 /* RenderedTexture */,
				C269D5C81CA898DD00E56E67 /* Texture.swift */,
			);
			name = Texture;
			sourceTree = "<group>";
		};
		C269D5EC1CA89B1300E56E67 /* Resources */ = {
			isa = PBXGroup;
			children = (
				C22824BE1CCD93AC006EBCE3 /* 3dAssets */,
				C269D5F41CA89BBA00E56E67 /* Shaders */,
				C269D5EF1CA89B5800E56E67 /* Utilities */,
				C269D5F51CA89BD400E56E67 /* Xcode */,
			);
			name = Resources;
			sourceTree = "<group>";
		};
		C269D5EF1CA89B5800E56E67 /* Utilities */ = {
			isa = PBXGroup;
			children = (
				C269D5F01CA89B6E00E56E67 /* IPAddress */,
			);
			name = Utilities;
			sourceTree = "<group>";
		};
		C269D5F21CA89B8F00E56E67 /* Utilities */ = {
			isa = PBXGroup;
			children = (
				C20EA3381CA9B83D0076F979 /* GLKit cant multuiply matrix */,
				C269D5F31CA89B9700E56E67 /* RemoteController */,
			);
			name = Utilities;
			sourceTree = "<group>";
		};
		C269D5F31CA89B9700E56E67 /* RemoteController */ = {
			isa = PBXGroup;
			children = (
				C269D5C01CA898DD00E56E67 /* RemoteController.swift */,
				C269D5C11CA898DD00E56E67 /* RemoteControllerModels.swift */,
				C2BD601C1CEB5E2400B51ECD /* RemoteProperties.swift */,
			);
			name = RemoteController;
			sourceTree = "<group>";
		};
		C269D5F41CA89BBA00E56E67 /* Shaders */ = {
			isa = PBXGroup;
			children = (
				C2CD6A7D1CEC7B0D001F3A7E /* Reflected.vsh */,
				C2CD6A7E1CEC7B0D001F3A7E /* Reflected.fsh */,
				C297557C1CEA256F001D8E6D /* ReflectiveSurface.vsh */,
				C297557D1CEA256F001D8E6D /* ReflectiveSurface.fsh */,
				C22824C21CCD96C0006EBCE3 /* MediumShot.vsh */,
				C22824C31CCD96C0006EBCE3 /* MediumShot.fsh */,
				C269D58F1CA8981D00E56E67 /* CloseShot.fsh */,
				C269D5911CA8981D00E56E67 /* CloseShot.vsh */,
			);
			name = Shaders;
			sourceTree = "<group>";
		};
		C269D5F51CA89BD400E56E67 /* Xcode */ = {
			isa = PBXGroup;
			children = (
				C269D5951CA8981D00E56E67 /* Main.storyboard */,
				C269D5981CA8981D00E56E67 /* Assets.xcassets */,
				C269D59A1CA8981D00E56E67 /* LaunchScreen.storyboard */,
				C269D59D1CA8981D00E56E67 /* Info.plist */,
			);
			name = Xcode;
			sourceTree = "<group>";
		};
		C269D5F61CA89BF900E56E67 /* Application */ = {
			isa = PBXGroup;
			children = (
				C269D58D1CA8981D00E56E67 /* AppDelegate.swift */,
			);
			name = Application;
			sourceTree = "<group>";
		};
		C26EC56B1CE9E1BA005958C5 /* RenderedTexture */ = {
			isa = PBXGroup;
			children = (
				C26EC56C1CE9E1E2005958C5 /* RenderedTexture.swift */,
			);
			name = RenderedTexture;
			sourceTree = "<group>";
		};
		C29219971CA9E17000B78343 /* Program */ = {
			isa = PBXGroup;
			children = (
				C2AFAE601CFC484C00C2F8D0 /* Pipeline */,
			);
			name = Program;
			sourceTree = "<group>";
		};
		C2AFAE601CFC484C00C2F8D0 /* Pipeline */ = {
			isa = PBXGroup;
			children = (
				C21C51CD1D02FA0F00F41A61 /* Concrete */,
				C2B188FE1CF2799E008BB626 /* PipelineProgram.swift */,
				C2AFAE671CFC86C300C2F8D0 /* PipelineProgramDefaultImplementations.swift */,
			);
			name = Pipeline;
			sourceTree = "<group>";
		};
		C2BC701D1CF067F70037A143 /* Pipeline */ = {
			isa = PBXGroup;
			children = (
				C23FC5541CFDE6A100DE4A40 /* Defaults */,
				C2B188F21CF1CC8B008BB626 /* PipelineModels.swift */,
				C2E1581B1CFD9BE800BB3805 /* PipelineShader.swift */,
				C2E158231CFD9D2400BB3805 /* PipelineInterpolation.swift */,
				C2E1581F1CFD9C4A00BB3805 /* PipelineVarying.swift */,
				C2E158171CFD9B2D00BB3805 /* PipelineVariable.swift */,
				C2E158191CFD9B8F00BB3805 /* PipelineInstruction.swift */,
				C2B188F41CF1CCD6008BB626 /* PipelineOperators.swift */,
				C2B188FC1CF20844008BB626 /* GLSLParser.swift */,
				C2AFAE611CFC4D0300C2F8D0 /* PipelineAttribute.swift */,
				C2AFAE651CFC4DFD00C2F8D0 /* PipelineUniform.swift */,
				C2AFAE631CFC4D6B00C2F8D0 /* PipelineVariablesCollection.swift */,
				C2E1581D1CFD9C1800BB3805 /* PipelineFunction.swift */,
				C2E158211CFD9D0200BB3805 /* PipelineScope.swift */,
			);
			name = Pipeline;
			sourceTree = "<group>";
		};
		C2CD6A811CEC8770001F3A7E /* Reflection */ = {
			isa = PBXGroup;
			children = (
				C2CD6A821CEC877F001F3A7E /* Reflection.swift */,
			);
			name = Reflection;
			sourceTree = "<group>";
		};
		C2EFF1321CC0439E00EF1486 /* Scene */ = {
			isa = PBXGroup;
			children = (
				C269D5C41CA898DD00E56E67 /* Scene.swift */,
				C2EA4B851CC83D030036B12D /* SceneLoader.swift */,
			);
			name = Scene;
			sourceTree = "<group>";
		};
/* End PBXGroup section */

/* Begin PBXNativeTarget section */
		C269D5891CA8981D00E56E67 /* OGLEngine */ = {
			isa = PBXNativeTarget;
			buildConfigurationList = C269D5AB1CA8981D00E56E67 /* Build configuration list for PBXNativeTarget "OGLEngine" */;
			buildPhases = (
				EB7080C0096C1D6652CFFEA6 /* Check Pods Manifest.lock */,
				C269D5861CA8981D00E56E67 /* Sources */,
				C269D5871CA8981D00E56E67 /* Frameworks */,
				C269D5F71CA89C8500E56E67 /* IP Address */,
				C28D5F431CCECD90001E5B8B /* Make 3D Assets */,
				C269D5881CA8981D00E56E67 /* Resources */,
				644EE979ED6EF0C8A7F888F9 /* Embed Pods Frameworks */,
				5CDDE341E376FF8FA5A6ACE8 /* Copy Pods Resources */,
				C269D5F81CA89CA300E56E67 /* Run Remote Controller */,
			);
			buildRules = (
			);
			dependencies = (
			);
			name = OGLEngine;
			productName = OGLEngine;
			productReference = C269D58A1CA8981D00E56E67 /* OGLEngine.app */;
			productType = "com.apple.product-type.application";
		};
		C269D5A11CA8981D00E56E67 /* OGLEngineTests */ = {
			isa = PBXNativeTarget;
			buildConfigurationList = C269D5AE1CA8981D00E56E67 /* Build configuration list for PBXNativeTarget "OGLEngineTests" */;
			buildPhases = (
				C269D59E1CA8981D00E56E67 /* Sources */,
				C269D59F1CA8981D00E56E67 /* Frameworks */,
				C269D5A01CA8981D00E56E67 /* Resources */,
			);
			buildRules = (
			);
			dependencies = (
				C269D5A41CA8981D00E56E67 /* PBXTargetDependency */,
			);
			name = OGLEngineTests;
			productName = OGLEngineTests;
			productReference = C269D5A21CA8981D00E56E67 /* OGLEngineTests.xctest */;
			productType = "com.apple.product-type.bundle.unit-test";
		};
/* End PBXNativeTarget section */

/* Begin PBXProject section */
		C269D5821CA8981D00E56E67 /* Project object */ = {
			isa = PBXProject;
			attributes = {
				LastSwiftUpdateCheck = 0720;
				LastUpgradeCheck = 0720;
				ORGANIZATIONNAME = "Maciej Chmielewski";
				TargetAttributes = {
					C269D5891CA8981D00E56E67 = {
						CreatedOnToolsVersion = 7.2.1;
						DevelopmentTeam = 76RXF4V6NR;
					};
					C269D5A11CA8981D00E56E67 = {
						CreatedOnToolsVersion = 7.2.1;
						TestTargetID = C269D5891CA8981D00E56E67;
					};
				};
			};
			buildConfigurationList = C269D5851CA8981D00E56E67 /* Build configuration list for PBXProject "OGLEngine" */;
			compatibilityVersion = "Xcode 3.2";
			developmentRegion = English;
			hasScannedForEncodings = 0;
			knownRegions = (
				en,
				Base,
			);
			mainGroup = C269D5811CA8981D00E56E67;
			productRefGroup = C269D58B1CA8981D00E56E67 /* Products */;
			projectDirPath = "";
			projectRoot = "";
			targets = (
				C269D5891CA8981D00E56E67 /* OGLEngine */,
				C269D5A11CA8981D00E56E67 /* OGLEngineTests */,
			);
		};
/* End PBXProject section */

/* Begin PBXResourcesBuildPhase section */
		C269D5881CA8981D00E56E67 /* Resources */ = {
			isa = PBXResourcesBuildPhase;
			buildActionMask = 2147483647;
			files = (
				C269D5971CA8981D00E56E67 /* Main.storyboard in Resources */,
				C269D5921CA8981D00E56E67 /* CloseShot.vsh in Resources */,
				C297557F1CEA256F001D8E6D /* ReflectiveSurface.fsh in Resources */,
				C2CD6A801CEC7B0D001F3A7E /* Reflected.fsh in Resources */,
				C22824BF1CCD93AC006EBCE3 /* 3dAssets in Resources */,
				C22824C51CCD96C0006EBCE3 /* MediumShot.fsh in Resources */,
				C297557E1CEA256F001D8E6D /* ReflectiveSurface.vsh in Resources */,
				C2CD6A7F1CEC7B0D001F3A7E /* Reflected.vsh in Resources */,
				C22824C41CCD96C0006EBCE3 /* MediumShot.vsh in Resources */,
				C269D5F11CA89B6E00E56E67 /* IPAddress in Resources */,
				C269D5991CA8981D00E56E67 /* Assets.xcassets in Resources */,
				C269D59C1CA8981D00E56E67 /* LaunchScreen.storyboard in Resources */,
				C269D5901CA8981D00E56E67 /* CloseShot.fsh in Resources */,
			);
			runOnlyForDeploymentPostprocessing = 0;
		};
		C269D5A01CA8981D00E56E67 /* Resources */ = {
			isa = PBXResourcesBuildPhase;
			buildActionMask = 2147483647;
			files = (
			);
			runOnlyForDeploymentPostprocessing = 0;
		};
/* End PBXResourcesBuildPhase section */

/* Begin PBXShellScriptBuildPhase section */
		5CDDE341E376FF8FA5A6ACE8 /* Copy Pods Resources */ = {
			isa = PBXShellScriptBuildPhase;
			buildActionMask = 2147483647;
			files = (
			);
			inputPaths = (
			);
			name = "Copy Pods Resources";
			outputPaths = (
			);
			runOnlyForDeploymentPostprocessing = 0;
			shellPath = /bin/sh;
			shellScript = "\"${SRCROOT}/Pods/Target Support Files/Pods-OGLEngine/Pods-OGLEngine-resources.sh\"\n";
			showEnvVarsInLog = 0;
		};
		644EE979ED6EF0C8A7F888F9 /* Embed Pods Frameworks */ = {
			isa = PBXShellScriptBuildPhase;
			buildActionMask = 2147483647;
			files = (
			);
			inputPaths = (
			);
			name = "Embed Pods Frameworks";
			outputPaths = (
			);
			runOnlyForDeploymentPostprocessing = 0;
			shellPath = /bin/sh;
			shellScript = "\"${SRCROOT}/Pods/Target Support Files/Pods-OGLEngine/Pods-OGLEngine-frameworks.sh\"\n";
			showEnvVarsInLog = 0;
		};
		C269D5F71CA89C8500E56E67 /* IP Address */ = {
			isa = PBXShellScriptBuildPhase;
			buildActionMask = 2147483647;
			files = (
			);
			inputPaths = (
			);
			name = "IP Address";
			outputPaths = (
			);
			runOnlyForDeploymentPostprocessing = 0;
			shellPath = /bin/sh;
			shellScript = "\"${SRCROOT}/Scripts/IPAddress.sh\"";
		};
		C269D5F81CA89CA300E56E67 /* Run Remote Controller */ = {
			isa = PBXShellScriptBuildPhase;
			buildActionMask = 2147483647;
			files = (
			);
			inputPaths = (
			);
			name = "Run Remote Controller";
			outputPaths = (
			);
			runOnlyForDeploymentPostprocessing = 0;
			shellPath = /bin/sh;
			shellScript = "\"${SRCROOT}/Scripts/Controller.sh\"";
		};
		C28D5F431CCECD90001E5B8B /* Make 3D Assets */ = {
			isa = PBXShellScriptBuildPhase;
			buildActionMask = 2147483647;
			files = (
			);
			inputPaths = (
			);
			name = "Make 3D Assets";
			outputPaths = (
			);
			runOnlyForDeploymentPostprocessing = 0;
			shellPath = /bin/sh;
			shellScript = "\"${SRCROOT}/Scripts/make_assets.sh\"";
		};
		EB7080C0096C1D6652CFFEA6 /* Check Pods Manifest.lock */ = {
			isa = PBXShellScriptBuildPhase;
			buildActionMask = 2147483647;
			files = (
			);
			inputPaths = (
			);
			name = "Check Pods Manifest.lock";
			outputPaths = (
			);
			runOnlyForDeploymentPostprocessing = 0;
			shellPath = /bin/sh;
			shellScript = "diff \"${PODS_ROOT}/../Podfile.lock\" \"${PODS_ROOT}/Manifest.lock\" > /dev/null\nif [[ $? != 0 ]] ; then\n    cat << EOM\nerror: The sandbox is not in sync with the Podfile.lock. Run 'pod install' or update your CocoaPods installation.\nEOM\n    exit 1\nfi\n";
			showEnvVarsInLog = 0;
		};
/* End PBXShellScriptBuildPhase section */

/* Begin PBXSourcesBuildPhase section */
		C269D5861CA8981D00E56E67 /* Sources */ = {
			isa = PBXSourcesBuildPhase;
			buildActionMask = 2147483647;
			files = (
				C26CD52D1D0AC83D007105EB /* LookAtCamera.swift in Sources */,
				C269D5CC1CA898DD00E56E67 /* Camera.swift in Sources */,
				C269D5D01CA898DD00E56E67 /* GeometryModel.swift in Sources */,
				C2CD6A831CEC877F001F3A7E /* Reflection.swift in Sources */,
				C269D5DC1CA898DD00E56E67 /* Scene.swift in Sources */,
				C26CD52F1D0ACA5E007105EB /* 3DIntegrator.swift in Sources */,
				C267A7021D11F03C00ACBAD2 /* ReflectedCamera.swift in Sources */,
				C269D5E21CA898E900E56E67 /* VAO.swift in Sources */,
				C2AFAE661CFC4DFD00C2F8D0 /* PipelineUniform.swift in Sources */,
				C21C51D11D02FA8000F41A61 /* CloseShotPipelineProgram.swift in Sources */,
				C269D5D71CA898DD00E56E67 /* RemoteControlledCamera.swift in Sources */,
				C2E158241CFD9D2400BB3805 /* PipelineInterpolation.swift in Sources */,
				C228FF931D103DC9000D6414 /* SphericalLookAtCamera.swift in Sources */,
				C2EA4B861CC83D030036B12D /* SceneLoader.swift in Sources */,
				C269D5CF1CA898DD00E56E67 /* DirectionalLight.swift in Sources */,
				C269D5941CA8981D00E56E67 /* GameViewController.swift in Sources */,
				C29755771CEA21E3001D8E6D /* Renderer.swift in Sources */,
				C2C0F4951D12D3A400CAD214 /* Reflected.swift in Sources */,
				C2E158181CFD9B2D00BB3805 /* PipelineVariable.swift in Sources */,
				C27E42C81D07199200FC9632 /* PhongV2PipelineProgram.swift in Sources */,
				C2B188F71CF1D3E3008BB626 /* PipelineDefaults.swift in Sources */,
				C2631C321CB9B4860016B968 /* GPUPassFunctions.swift in Sources */,
				C26A3F8C1CFEC8ED0080AE12 /* CloseShot.swift in Sources */,
				C2AFAE621CFC4D0300C2F8D0 /* PipelineAttribute.swift in Sources */,
				C26EC56D1CE9E1E2005958C5 /* RenderedTexture.swift in Sources */,
				C2E17FE51D0F1DB500CB2D2D /* AxesGeometryModel.swift in Sources */,
				C23FC55B1CFDE73B00DE4A40 /* PhongReflection.swift in Sources */,
				C2AFAE641CFC4D6B00C2F8D0 /* PipelineVariablesCollection.swift in Sources */,
				C228FF951D10455C000D6414 /* OscilatingGeometryModel.swift in Sources */,
				C269D5E01CA898DD00E56E67 /* Texture.swift in Sources */,
				C27E42C41D07192000FC9632 /* PhongV2.swift in Sources */,
				C2229DB91D12F81F007F5856 /* ReflectedPipelineProgram.swift in Sources */,
				C2BD601D1CEB5E2400B51ECD /* RemoteProperties.swift in Sources */,
				C269D5D31CA898DD00E56E67 /* OBJLoader.swift in Sources */,
				C20EA33A1CA9B86B0076F979 /* GLKitCantMultiplyMatrices.swift in Sources */,
				C2229DBB1D12FBD1007F5856 /* ReflectiveSurfacePipelineProgram.swift in Sources */,
				C2E1581A1CFD9B8F00BB3805 /* PipelineInstruction.swift in Sources */,
				C23FC5561CFDE6E000DE4A40 /* OpenGLDefaultVariables.swift in Sources */,
				C269D5DD1CA898DD00E56E67 /* SpinningGeometryModel.swift in Sources */,
				C2E17FE71D0F325500CB2D2D /* ReflectiveSurface.swift in Sources */,
				C29DFAE91D06F8C00003B7A2 /* PhongV1PipelineProgram.swift in Sources */,
				C2E158221CFD9D0200BB3805 /* PipelineScope.swift in Sources */,
				C2B188FF1CF2799E008BB626 /* PipelineProgram.swift in Sources */,
				C269D5D91CA898DD00E56E67 /* RemoteControllerModels.swift in Sources */,
				C20687EA1CF4AEEB008E8793 /* GPUTypes.swift in Sources */,
				C21C51CF1D02FA2000F41A61 /* MediumShotPipelineProgram.swift in Sources */,
				C269D5CB1CA898DD00E56E67 /* BasicCamera.swift in Sources */,
				C22D14EE1CBC0AA20052155B /* VisibleReflectionContext.swift in Sources */,
				C269D5D21CA898DD00E56E67 /* OBJ.swift in Sources */,
				C2E1581E1CFD9C1800BB3805 /* PipelineFunction.swift in Sources */,
				C269D5D81CA898DD00E56E67 /* RemoteController.swift in Sources */,
				C263847D1D103928004BE6E1 /* RemoteLookAtCamera.swift in Sources */,
				C23FC5581CFDE6FE00DE4A40 /* MediumShot.swift in Sources */,
				C2E158201CFD9C4A00BB3805 /* PipelineVarying.swift in Sources */,
				C2B188F51CF1CCD6008BB626 /* PipelineOperators.swift in Sources */,
				C2AFAE681CFC86C300C2F8D0 /* PipelineProgramDefaultImplementations.swift in Sources */,
				C29DFAE71D06EB2E0003B7A2 /* PhongV1.swift in Sources */,
				C269D5DA1CA898DD00E56E67 /* Renderable.swift in Sources */,
				C269D58E1CA8981D00E56E67 /* AppDelegate.swift in Sources */,
				C2B188F31CF1CC8B008BB626 /* PipelineModels.swift in Sources */,
				C2E1581C1CFD9BE800BB3805 /* PipelineShader.swift in Sources */,
				C25642841D0EDEDA0043EE6E /* TangentSpace.swift in Sources */,
				C269D5DE1CA898DD00E56E67 /* StaticGeometryModel.swift in Sources */,
				C2B188FD1CF20844008BB626 /* GLSLParser.swift in Sources */,
			);
			runOnlyForDeploymentPostprocessing = 0;
		};
		C269D59E1CA8981D00E56E67 /* Sources */ = {
			isa = PBXSourcesBuildPhase;
			buildActionMask = 2147483647;
			files = (
				C269D5A71CA8981D00E56E67 /* OGLEngineTests.swift in Sources */,
			);
			runOnlyForDeploymentPostprocessing = 0;
		};
/* End PBXSourcesBuildPhase section */

/* Begin PBXTargetDependency section */
		C269D5A41CA8981D00E56E67 /* PBXTargetDependency */ = {
			isa = PBXTargetDependency;
			target = C269D5891CA8981D00E56E67 /* OGLEngine */;
			targetProxy = C269D5A31CA8981D00E56E67 /* PBXContainerItemProxy */;
		};
/* End PBXTargetDependency section */

/* Begin PBXVariantGroup section */
		C269D5951CA8981D00E56E67 /* Main.storyboard */ = {
			isa = PBXVariantGroup;
			children = (
				C269D5961CA8981D00E56E67 /* Base */,
			);
			name = Main.storyboard;
			sourceTree = "<group>";
		};
		C269D59A1CA8981D00E56E67 /* LaunchScreen.storyboard */ = {
			isa = PBXVariantGroup;
			children = (
				C269D59B1CA8981D00E56E67 /* Base */,
			);
			name = LaunchScreen.storyboard;
			sourceTree = "<group>";
		};
/* End PBXVariantGroup section */

/* Begin XCBuildConfiguration section */
		C269D5A91CA8981D00E56E67 /* Debug */ = {
			isa = XCBuildConfiguration;
			buildSettings = {
				ALWAYS_SEARCH_USER_PATHS = NO;
				CLANG_CXX_LANGUAGE_STANDARD = "gnu++0x";
				CLANG_CXX_LIBRARY = "libc++";
				CLANG_ENABLE_MODULES = YES;
				CLANG_ENABLE_OBJC_ARC = YES;
				CLANG_WARN_BOOL_CONVERSION = YES;
				CLANG_WARN_CONSTANT_CONVERSION = YES;
				CLANG_WARN_DIRECT_OBJC_ISA_USAGE = YES_ERROR;
				CLANG_WARN_EMPTY_BODY = YES;
				CLANG_WARN_ENUM_CONVERSION = YES;
				CLANG_WARN_INT_CONVERSION = YES;
				CLANG_WARN_OBJC_ROOT_CLASS = YES_ERROR;
				CLANG_WARN_UNREACHABLE_CODE = YES;
				CLANG_WARN__DUPLICATE_METHOD_MATCH = YES;
				"CODE_SIGN_IDENTITY[sdk=iphoneos*]" = "iPhone Developer";
				COPY_PHASE_STRIP = NO;
				DEBUG_INFORMATION_FORMAT = "dwarf-with-dsym";
				ENABLE_STRICT_OBJC_MSGSEND = YES;
				ENABLE_TESTABILITY = YES;
				GCC_C_LANGUAGE_STANDARD = gnu99;
				GCC_DYNAMIC_NO_PIC = NO;
				GCC_NO_COMMON_BLOCKS = YES;
				GCC_OPTIMIZATION_LEVEL = 0;
				GCC_PREPROCESSOR_DEFINITIONS = (
					"DEBUG=1",
					"$(inherited)",
				);
				GCC_WARN_64_TO_32_BIT_CONVERSION = YES;
				GCC_WARN_ABOUT_RETURN_TYPE = YES_ERROR;
				GCC_WARN_UNDECLARED_SELECTOR = YES;
				GCC_WARN_UNINITIALIZED_AUTOS = YES_AGGRESSIVE;
				GCC_WARN_UNUSED_FUNCTION = YES;
				GCC_WARN_UNUSED_VARIABLE = YES;
				IPHONEOS_DEPLOYMENT_TARGET = 9.2;
				MTL_ENABLE_DEBUG_INFO = YES;
				ONLY_ACTIVE_ARCH = YES;
				SDKROOT = iphoneos;
				SWIFT_OPTIMIZATION_LEVEL = "-Onone";
				TARGETED_DEVICE_FAMILY = "1,2";
			};
			name = Debug;
		};
		C269D5AA1CA8981D00E56E67 /* Release */ = {
			isa = XCBuildConfiguration;
			buildSettings = {
				ALWAYS_SEARCH_USER_PATHS = NO;
				CLANG_CXX_LANGUAGE_STANDARD = "gnu++0x";
				CLANG_CXX_LIBRARY = "libc++";
				CLANG_ENABLE_MODULES = YES;
				CLANG_ENABLE_OBJC_ARC = YES;
				CLANG_WARN_BOOL_CONVERSION = YES;
				CLANG_WARN_CONSTANT_CONVERSION = YES;
				CLANG_WARN_DIRECT_OBJC_ISA_USAGE = YES_ERROR;
				CLANG_WARN_EMPTY_BODY = YES;
				CLANG_WARN_ENUM_CONVERSION = YES;
				CLANG_WARN_INT_CONVERSION = YES;
				CLANG_WARN_OBJC_ROOT_CLASS = YES_ERROR;
				CLANG_WARN_UNREACHABLE_CODE = YES;
				CLANG_WARN__DUPLICATE_METHOD_MATCH = YES;
				"CODE_SIGN_IDENTITY[sdk=iphoneos*]" = "iPhone Developer";
				COPY_PHASE_STRIP = NO;
				DEBUG_INFORMATION_FORMAT = "dwarf-with-dsym";
				ENABLE_NS_ASSERTIONS = NO;
				ENABLE_STRICT_OBJC_MSGSEND = YES;
				GCC_C_LANGUAGE_STANDARD = gnu99;
				GCC_NO_COMMON_BLOCKS = YES;
				GCC_WARN_64_TO_32_BIT_CONVERSION = YES;
				GCC_WARN_ABOUT_RETURN_TYPE = YES_ERROR;
				GCC_WARN_UNDECLARED_SELECTOR = YES;
				GCC_WARN_UNINITIALIZED_AUTOS = YES_AGGRESSIVE;
				GCC_WARN_UNUSED_FUNCTION = YES;
				GCC_WARN_UNUSED_VARIABLE = YES;
				IPHONEOS_DEPLOYMENT_TARGET = 9.2;
				MTL_ENABLE_DEBUG_INFO = NO;
				SDKROOT = iphoneos;
				TARGETED_DEVICE_FAMILY = "1,2";
				VALIDATE_PRODUCT = YES;
			};
			name = Release;
		};
		C269D5AC1CA8981D00E56E67 /* Debug */ = {
			isa = XCBuildConfiguration;
			baseConfigurationReference = 9205D7DBFBB1CE1C1FCD90A2 /* Pods-OGLEngine.debug.xcconfig */;
			buildSettings = {
				ASSETCATALOG_COMPILER_APPICON_NAME = AppIcon;
				CODE_SIGN_IDENTITY = "iPhone Developer";
				INFOPLIST_FILE = OGLEngine/Info.plist;
				LD_RUNPATH_SEARCH_PATHS = "$(inherited) @executable_path/Frameworks";
				PRODUCT_BUNDLE_IDENTIFIER = com.OGL;
				PRODUCT_NAME = "$(TARGET_NAME)";
			};
			name = Debug;
		};
		C269D5AD1CA8981D00E56E67 /* Release */ = {
			isa = XCBuildConfiguration;
			baseConfigurationReference = 7F43FA214889814B7067DBE2 /* Pods-OGLEngine.release.xcconfig */;
			buildSettings = {
				ASSETCATALOG_COMPILER_APPICON_NAME = AppIcon;
				CODE_SIGN_IDENTITY = "iPhone Developer";
				INFOPLIST_FILE = OGLEngine/Info.plist;
				LD_RUNPATH_SEARCH_PATHS = "$(inherited) @executable_path/Frameworks";
				PRODUCT_BUNDLE_IDENTIFIER = com.OGL;
				PRODUCT_NAME = "$(TARGET_NAME)";
			};
			name = Release;
		};
		C269D5AF1CA8981D00E56E67 /* Debug */ = {
			isa = XCBuildConfiguration;
			buildSettings = {
				BUNDLE_LOADER = "$(TEST_HOST)";
				DEBUG_INFORMATION_FORMAT = dwarf;
				INFOPLIST_FILE = OGLEngineTests/Info.plist;
				LD_RUNPATH_SEARCH_PATHS = "$(inherited) @executable_path/Frameworks @loader_path/Frameworks";
				PRODUCT_BUNDLE_IDENTIFIER = mch.OGLEngineTests;
				PRODUCT_NAME = "$(TARGET_NAME)";
				TEST_HOST = "$(BUILT_PRODUCTS_DIR)/OGLEngine.app/OGLEngine";
			};
			name = Debug;
		};
		C269D5B01CA8981D00E56E67 /* Release */ = {
			isa = XCBuildConfiguration;
			buildSettings = {
				BUNDLE_LOADER = "$(TEST_HOST)";
				INFOPLIST_FILE = OGLEngineTests/Info.plist;
				LD_RUNPATH_SEARCH_PATHS = "$(inherited) @executable_path/Frameworks @loader_path/Frameworks";
				PRODUCT_BUNDLE_IDENTIFIER = mch.OGLEngineTests;
				PRODUCT_NAME = "$(TARGET_NAME)";
				TEST_HOST = "$(BUILT_PRODUCTS_DIR)/OGLEngine.app/OGLEngine";
			};
			name = Release;
		};
/* End XCBuildConfiguration section */

/* Begin XCConfigurationList section */
		C269D5851CA8981D00E56E67 /* Build configuration list for PBXProject "OGLEngine" */ = {
			isa = XCConfigurationList;
			buildConfigurations = (
				C269D5A91CA8981D00E56E67 /* Debug */,
				C269D5AA1CA8981D00E56E67 /* Release */,
			);
			defaultConfigurationIsVisible = 0;
			defaultConfigurationName = Release;
		};
		C269D5AB1CA8981D00E56E67 /* Build configuration list for PBXNativeTarget "OGLEngine" */ = {
			isa = XCConfigurationList;
			buildConfigurations = (
				C269D5AC1CA8981D00E56E67 /* Debug */,
				C269D5AD1CA8981D00E56E67 /* Release */,
			);
			defaultConfigurationIsVisible = 0;
			defaultConfigurationName = Release;
		};
		C269D5AE1CA8981D00E56E67 /* Build configuration list for PBXNativeTarget "OGLEngineTests" */ = {
			isa = XCConfigurationList;
			buildConfigurations = (
				C269D5AF1CA8981D00E56E67 /* Debug */,
				C269D5B01CA8981D00E56E67 /* Release */,
			);
			defaultConfigurationIsVisible = 0;
			defaultConfigurationName = Release;
		};
/* End XCConfigurationList section */
	};
	rootObject = C269D5821CA8981D00E56E67 /* Project object */;
}
